// !$*UTF8*$!
{
	archiveVersion = 1;
	classes = {
	};
	objectVersion = 56;
	objects = {

/* Begin PBXBuildFile section */
		5EDA96822BA46C530003B55D /* Accessibility_001App.swift in Sources */ = {isa = PBXBuildFile; fileRef = 5EDA96812BA46C530003B55D /* Accessibility_001App.swift */; };
		5EDA96842BA46C530003B55D /* ContentView.swift in Sources */ = {isa = PBXBuildFile; fileRef = 5EDA96832BA46C530003B55D /* ContentView.swift */; };
		5EDA96862BA46C540003B55D /* Assets.xcassets in Resources */ = {isa = PBXBuildFile; fileRef = 5EDA96852BA46C540003B55D /* Assets.xcassets */; };
		5EDA96892BA46C540003B55D /* Preview Assets.xcassets in Resources */ = {isa = PBXBuildFile; fileRef = 5EDA96882BA46C540003B55D /* Preview Assets.xcassets */; };
		5EDA96902BA489800003B55D /* ReadingGroupDataView.swift in Sources */ = {isa = PBXBuildFile; fileRef = 5EDA968F2BA489800003B55D /* ReadingGroupDataView.swift */; };
		5EDA96922BA48F980003B55D /* ImageWithActionView.swift in Sources */ = {isa = PBXBuildFile; fileRef = 5EDA96912BA48F980003B55D /* ImageWithActionView.swift */; };
		5EDA96942BA499EE0003B55D /* ReadingValuesControlsView.swift in Sources */ = {isa = PBXBuildFile; fileRef = 5EDA96932BA499EE0003B55D /* ReadingValuesControlsView.swift */; };
		5EDA96962BA4A61F0003B55D /* ReadingLabelWithSomeOutputsView.swift in Sources */ = {isa = PBXBuildFile; fileRef = 5EDA96952BA4A61F0003B55D /* ReadingLabelWithSomeOutputsView.swift */; };
/* End PBXBuildFile section */

/* Begin PBXFileReference section */
		5EDA967E2BA46C530003B55D /* Accessibility_001.app */ = {isa = PBXFileReference; explicitFileType = wrapper.application; includeInIndex = 0; path = Accessibility_001.app; sourceTree = BUILT_PRODUCTS_DIR; };
		5EDA96812BA46C530003B55D /* Accessibility_001App.swift */ = {isa = PBXFileReference; lastKnownFileType = sourcecode.swift; path = Accessibility_001App.swift; sourceTree = "<group>"; };
		5EDA96832BA46C530003B55D /* ContentView.swift */ = {isa = PBXFileReference; lastKnownFileType = sourcecode.swift; path = ContentView.swift; sourceTree = "<group>"; };
		5EDA96852BA46C540003B55D /* Assets.xcassets */ = {isa = PBXFileReference; lastKnownFileType = folder.assetcatalog; path = Assets.xcassets; sourceTree = "<group>"; };
		5EDA96882BA46C540003B55D /* Preview Assets.xcassets */ = {isa = PBXFileReference; lastKnownFileType = folder.assetcatalog; path = "Preview Assets.xcassets"; sourceTree = "<group>"; };
		5EDA968F2BA489800003B55D /* ReadingGroupDataView.swift */ = {isa = PBXFileReference; lastKnownFileType = sourcecode.swift; path = ReadingGroupDataView.swift; sourceTree = "<group>"; };
		5EDA96912BA48F980003B55D /* ImageWithActionView.swift */ = {isa = PBXFileReference; lastKnownFileType = sourcecode.swift; path = ImageWithActionView.swift; sourceTree = "<group>"; };
		5EDA96932BA499EE0003B55D /* ReadingValuesControlsView.swift */ = {isa = PBXFileReference; lastKnownFileType = sourcecode.swift; path = ReadingValuesControlsView.swift; sourceTree = "<group>"; };
		5EDA96952BA4A61F0003B55D /* ReadingLabelWithSomeOutputsView.swift */ = {isa = PBXFileReference; lastKnownFileType = sourcecode.swift; path = ReadingLabelWithSomeOutputsView.swift; sourceTree = "<group>"; };
/* End PBXFileReference section */

/* Begin PBXFrameworksBuildPhase section */
		5EDA967B2BA46C530003B55D /* Frameworks */ = {
			isa = PBXFrameworksBuildPhase;
			buildActionMask = 2147483647;
			files = (
			);
			runOnlyForDeploymentPostprocessing = 0;
		};
/* End PBXFrameworksBuildPhase section */

/* Begin PBXGroup section */
		5EDA96752BA46C530003B55D = {
			isa = PBXGroup;
			children = (
				5EDA96802BA46C530003B55D /* Accessibility_001 */,
				5EDA967F2BA46C530003B55D /* Products */,
			);
			sourceTree = "<group>";
		};
		5EDA967F2BA46C530003B55D /* Products */ = {
			isa = PBXGroup;
			children = (
				5EDA967E2BA46C530003B55D /* Accessibility_001.app */,
			);
			name = Products;
			sourceTree = "<group>";
		};
		5EDA96802BA46C530003B55D /* Accessibility_001 */ = {
			isa = PBXGroup;
			children = (
				5EDA96812BA46C530003B55D /* Accessibility_001App.swift */,
				5EDA96832BA46C530003B55D /* ContentView.swift */,
				5EDA96912BA48F980003B55D /* ImageWithActionView.swift */,
				5EDA968F2BA489800003B55D /* ReadingGroupDataView.swift */,
				5EDA96932BA499EE0003B55D /* ReadingValuesControlsView.swift */,
				5EDA96952BA4A61F0003B55D /* ReadingLabelWithSomeOutputsView.swift */,
				5EDA96852BA46C540003B55D /* Assets.xcassets */,
				5EDA96872BA46C540003B55D /* Preview Content */,
			);
			path = Accessibility_001;
			sourceTree = "<group>";
		};
		5EDA96872BA46C540003B55D /* Preview Content */ = {
			isa = PBXGroup;
			children = (
				5EDA96882BA46C540003B55D /* Preview Assets.xcassets */,
			);
			path = "Preview Content";
			sourceTree = "<group>";
		};
/* End PBXGroup section */

/* Begin PBXNativeTarget section */
		5EDA967D2BA46C530003B55D /* Accessibility_001 */ = {
			isa = PBXNativeTarget;
			buildConfigurationList = 5EDA968C2BA46C540003B55D /* Build configuration list for PBXNativeTarget "Accessibility_001" */;
			buildPhases = (
				5EDA967A2BA46C530003B55D /* Sources */,
				5EDA967B2BA46C530003B55D /* Frameworks */,
				5EDA967C2BA46C530003B55D /* Resources */,
			);
			buildRules = (
			);
			dependencies = (
			);
			name = Accessibility_001;
			productName = Accessibility_001;
			productReference = 5EDA967E2BA46C530003B55D /* Accessibility_001.app */;
			productType = "com.apple.product-type.application";
		};
/* End PBXNativeTarget section */

/* Begin PBXProject section */
		5EDA96762BA46C530003B55D /* Project object */ = {
			isa = PBXProject;
			attributes = {
				BuildIndependentTargetsInParallel = 1;
				LastSwiftUpdateCheck = 1530;
				LastUpgradeCheck = 1530;
				TargetAttributes = {
					5EDA967D2BA46C530003B55D = {
						CreatedOnToolsVersion = 15.3;
					};
				};
			};
			buildConfigurationList = 5EDA96792BA46C530003B55D /* Build configuration list for PBXProject "Accessibility_001" */;
			compatibilityVersion = "Xcode 14.0";
			developmentRegion = en;
			hasScannedForEncodings = 0;
			knownRegions = (
				en,
				Base,
			);
			mainGroup = 5EDA96752BA46C530003B55D;
			productRefGroup = 5EDA967F2BA46C530003B55D /* Products */;
			projectDirPath = "";
			projectRoot = "";
			targets = (
				5EDA967D2BA46C530003B55D /* Accessibility_001 */,
			);
		};
/* End PBXProject section */

/* Begin PBXResourcesBuildPhase section */
		5EDA967C2BA46C530003B55D /* Resources */ = {
			isa = PBXResourcesBuildPhase;
			buildActionMask = 2147483647;
			files = (
				5EDA96892BA46C540003B55D /* Preview Assets.xcassets in Resources */,
				5EDA96862BA46C540003B55D /* Assets.xcassets in Resources */,
			);
			runOnlyForDeploymentPostprocessing = 0;
		};
/* End PBXResourcesBuildPhase section */

/* Begin PBXSourcesBuildPhase section */
		5EDA967A2BA46C530003B55D /* Sources */ = {
			isa = PBXSourcesBuildPhase;
			buildActionMask = 2147483647;
			files = (
				5EDA96942BA499EE0003B55D /* ReadingValuesControlsView.swift in Sources */,
				5EDA96922BA48F980003B55D /* ImageWithActionView.swift in Sources */,
				5EDA96902BA489800003B55D /* ReadingGroupDataView.swift in Sources */,
				5EDA96962BA4A61F0003B55D /* ReadingLabelWithSomeOutputsView.swift in Sources */,
				5EDA96842BA46C530003B55D /* ContentView.swift in Sources */,
				5EDA96822BA46C530003B55D /* Accessibility_001App.swift in Sources */,
			);
			runOnlyForDeploymentPostprocessing = 0;
		};
/* End PBXSourcesBuildPhase section */

/* Begin XCBuildConfiguration section */
		5EDA968A2BA46C540003B55D /* Debug */ = {
			isa = XCBuildConfiguration;
			buildSettings = {
				ALWAYS_SEARCH_USER_PATHS = NO;
				ASSETCATALOG_COMPILER_GENERATE_SWIFT_ASSET_SYMBOL_EXTENSIONS = YES;
				CLANG_ANALYZER_NONNULL = YES;
				CLANG_ANALYZER_NUMBER_OBJECT_CONVERSION = YES_AGGRESSIVE;
				CLANG_CXX_LANGUAGE_STANDARD = "gnu++20";
				CLANG_ENABLE_MODULES = YES;
				CLANG_ENABLE_OBJC_ARC = YES;
				CLANG_ENABLE_OBJC_WEAK = YES;
				CLANG_WARN_BLOCK_CAPTURE_AUTORELEASING = YES;
				CLANG_WARN_BOOL_CONVERSION = YES;
				CLANG_WARN_COMMA = YES;
				CLANG_WARN_CONSTANT_CONVERSION = YES;
				CLANG_WARN_DEPRECATED_OBJC_IMPLEMENTATIONS = YES;
				CLANG_WARN_DIRECT_OBJC_ISA_USAGE = YES_ERROR;
				CLANG_WARN_DOCUMENTATION_COMMENTS = YES;
				CLANG_WARN_EMPTY_BODY = YES;
				CLANG_WARN_ENUM_CONVERSION = YES;
				CLANG_WARN_INFINITE_RECURSION = YES;
				CLANG_WARN_INT_CONVERSION = YES;
				CLANG_WARN_NON_LITERAL_NULL_CONVERSION = YES;
				CLANG_WARN_OBJC_IMPLICIT_RETAIN_SELF = YES;
				CLANG_WARN_OBJC_LITERAL_CONVERSION = YES;
				CLANG_WARN_OBJC_ROOT_CLASS = YES_ERROR;
				CLANG_WARN_QUOTED_INCLUDE_IN_FRAMEWORK_HEADER = YES;
				CLANG_WARN_RANGE_LOOP_ANALYSIS = YES;
				CLANG_WARN_STRICT_PROTOTYPES = YES;
				CLANG_WARN_SUSPICIOUS_MOVE = YES;
				CLANG_WARN_UNGUARDED_AVAILABILITY = YES_AGGRESSIVE;
				CLANG_WARN_UNREACHABLE_CODE = YES;
				CLANG_WARN__DUPLICATE_METHOD_MATCH = YES;
				COPY_PHASE_STRIP = NO;
				DEBUG_INFORMATION_FORMAT = dwarf;
				ENABLE_STRICT_OBJC_MSGSEND = YES;
				ENABLE_TESTABILITY = YES;
				ENABLE_USER_SCRIPT_SANDBOXING = YES;
				GCC_C_LANGUAGE_STANDARD = gnu17;
				GCC_DYNAMIC_NO_PIC = NO;
				GCC_NO_COMMON_BLOCKS = YES;
				GCC_OPTIMIZATION_LEVEL = 0;
				GCC_PREPROCESSOR_DEFINITIONS = (
					"DEBUG=1",
					"$(inherited)",
				);
				GCC_WARN_64_TO_32_BIT_CONVERSION = YES;
				GCC_WARN_ABOUT_RETURN_TYPE = YES_ERROR;
				GCC_WARN_UNDECLARED_SELECTOR = YES;
				GCC_WARN_UNINITIALIZED_AUTOS = YES_AGGRESSIVE;
				GCC_WARN_UNUSED_FUNCTION = YES;
				GCC_WARN_UNUSED_VARIABLE = YES;
				IPHONEOS_DEPLOYMENT_TARGET = 17.4;
				LOCALIZATION_PREFERS_STRING_CATALOGS = YES;
				MTL_ENABLE_DEBUG_INFO = INCLUDE_SOURCE;
				MTL_FAST_MATH = YES;
				ONLY_ACTIVE_ARCH = YES;
				SDKROOT = iphoneos;
				SWIFT_ACTIVE_COMPILATION_CONDITIONS = "DEBUG $(inherited)";
				SWIFT_OPTIMIZATION_LEVEL = "-Onone";
			};
			name = Debug;
		};
		5EDA968B2BA46C540003B55D /* Release */ = {
			isa = XCBuildConfiguration;
			buildSettings = {
				ALWAYS_SEARCH_USER_PATHS = NO;
				ASSETCATALOG_COMPILER_GENERATE_SWIFT_ASSET_SYMBOL_EXTENSIONS = YES;
				CLANG_ANALYZER_NONNULL = YES;
				CLANG_ANALYZER_NUMBER_OBJECT_CONVERSION = YES_AGGRESSIVE;
				CLANG_CXX_LANGUAGE_STANDARD = "gnu++20";
				CLANG_ENABLE_MODULES = YES;
				CLANG_ENABLE_OBJC_ARC = YES;
				CLANG_ENABLE_OBJC_WEAK = YES;
				CLANG_WARN_BLOCK_CAPTURE_AUTORELEASING = YES;
				CLANG_WARN_BOOL_CONVERSION = YES;
				CLANG_WARN_COMMA = YES;
				CLANG_WARN_CONSTANT_CONVERSION = YES;
				CLANG_WARN_DEPRECATED_OBJC_IMPLEMENTATIONS = YES;
				CLANG_WARN_DIRECT_OBJC_ISA_USAGE = YES_ERROR;
				CLANG_WARN_DOCUMENTATION_COMMENTS = YES;
				CLANG_WARN_EMPTY_BODY = YES;
				CLANG_WARN_ENUM_CONVERSION = YES;
				CLANG_WARN_INFINITE_RECURSION = YES;
				CLANG_WARN_INT_CONVERSION = YES;
				CLANG_WARN_NON_LITERAL_NULL_CONVERSION = YES;
				CLANG_WARN_OBJC_IMPLICIT_RETAIN_SELF = YES;
				CLANG_WARN_OBJC_LITERAL_CONVERSION = YES;
				CLANG_WARN_OBJC_ROOT_CLASS = YES_ERROR;
				CLANG_WARN_QUOTED_INCLUDE_IN_FRAMEWORK_HEADER = YES;
				CLANG_WARN_RANGE_LOOP_ANALYSIS = YES;
				CLANG_WARN_STRICT_PROTOTYPES = YES;
				CLANG_WARN_SUSPICIOUS_MOVE = YES;
				CLANG_WARN_UNGUARDED_AVAILABILITY = YES_AGGRESSIVE;
				CLANG_WARN_UNREACHABLE_CODE = YES;
				CLANG_WARN__DUPLICATE_METHOD_MATCH = YES;
				COPY_PHASE_STRIP = NO;
				DEBUG_INFORMATION_FORMAT = "dwarf-with-dsym";
				ENABLE_NS_ASSERTIONS = NO;
				ENABLE_STRICT_OBJC_MSGSEND = YES;
				ENABLE_USER_SCRIPT_SANDBOXING = YES;
				GCC_C_LANGUAGE_STANDARD = gnu17;
				GCC_NO_COMMON_BLOCKS = YES;
				GCC_WARN_64_TO_32_BIT_CONVERSION = YES;
				GCC_WARN_ABOUT_RETURN_TYPE = YES_ERROR;
				GCC_WARN_UNDECLARED_SELECTOR = YES;
				GCC_WARN_UNINITIALIZED_AUTOS = YES_AGGRESSIVE;
				GCC_WARN_UNUSED_FUNCTION = YES;
				GCC_WARN_UNUSED_VARIABLE = YES;
				IPHONEOS_DEPLOYMENT_TARGET = 17.4;
				LOCALIZATION_PREFERS_STRING_CATALOGS = YES;
				MTL_ENABLE_DEBUG_INFO = NO;
				MTL_FAST_MATH = YES;
				SDKROOT = iphoneos;
				SWIFT_COMPILATION_MODE = wholemodule;
				VALIDATE_PRODUCT = YES;
			};
			name = Release;
		};
		5EDA968D2BA46C540003B55D /* Debug */ = {
			isa = XCBuildConfiguration;
			buildSettings = {
				ASSETCATALOG_COMPILER_APPICON_NAME = AppIcon;
				ASSETCATALOG_COMPILER_GLOBAL_ACCENT_COLOR_NAME = AccentColor;
				CODE_SIGN_STYLE = Automatic;
				CURRENT_PROJECT_VERSION = 1;
				DEVELOPMENT_ASSET_PATHS = "\"Accessibility_001/Preview Content\"";
				DEVELOPMENT_TEAM = 44A73TBZZE;
				ENABLE_PREVIEWS = YES;
				GENERATE_INFOPLIST_FILE = YES;
				INFOPLIST_KEY_UIApplicationSceneManifest_Generation = YES;
				INFOPLIST_KEY_UIApplicationSupportsIndirectInputEvents = YES;
				INFOPLIST_KEY_UILaunchScreen_Generation = YES;
				INFOPLIST_KEY_UISupportedInterfaceOrientations_iPad = "UIInterfaceOrientationPortrait UIInterfaceOrientationPortraitUpsideDown UIInterfaceOrientationLandscapeLeft UIInterfaceOrientationLandscapeRight";
				INFOPLIST_KEY_UISupportedInterfaceOrientations_iPhone = "UIInterfaceOrientationPortrait UIInterfaceOrientationLandscapeLeft UIInterfaceOrientationLandscapeRight";
				LD_RUNPATH_SEARCH_PATHS = (
					"$(inherited)",
					"@executable_path/Frameworks",
				);
				MARKETING_VERSION = 1.0;
				PRODUCT_BUNDLE_IDENTIFIER = "com.seidoropentrends.testing.Accessibility-001";
				PRODUCT_NAME = "$(TARGET_NAME)";
				SWIFT_EMIT_LOC_STRINGS = YES;
				SWIFT_VERSION = 5.0;
				TARGETED_DEVICE_FAMILY = "1,2";
			};
			name = Debug;
		};
		5EDA968E2BA46C540003B55D /* Release */ = {
			isa = XCBuildConfiguration;
			buildSettings = {
				ASSETCATALOG_COMPILER_APPICON_NAME = AppIcon;
				ASSETCATALOG_COMPILER_GLOBAL_ACCENT_COLOR_NAME = AccentColor;
				CODE_SIGN_STYLE = Automatic;
				CURRENT_PROJECT_VERSION = 1;
				DEVELOPMENT_ASSET_PATHS = "\"Accessibility_001/Preview Content\"";
				DEVELOPMENT_TEAM = 44A73TBZZE;
				ENABLE_PREVIEWS = YES;
				GENERATE_INFOPLIST_FILE = YES;
				INFOPLIST_KEY_UIApplicationSceneManifest_Generation = YES;
				INFOPLIST_KEY_UIApplicationSupportsIndirectInputEvents = YES;
				INFOPLIST_KEY_UILaunchScreen_Generation = YES;
				INFOPLIST_KEY_UISupportedInterfaceOrientations_iPad = "UIInterfaceOrientationPortrait UIInterfaceOrientationPortraitUpsideDown UIInterfaceOrientationLandscapeLeft UIInterfaceOrientationLandscapeRight";
				INFOPLIST_KEY_UISupportedInterfaceOrientations_iPhone = "UIInterfaceOrientationPortrait UIInterfaceOrientationLandscapeLeft UIInterfaceOrientationLandscapeRight";
				LD_RUNPATH_SEARCH_PATHS = (
					"$(inherited)",
					"@executable_path/Frameworks",
				);
				MARKETING_VERSION = 1.0;
				PRODUCT_BUNDLE_IDENTIFIER = "com.seidoropentrends.testing.Accessibility-001";
				PRODUCT_NAME = "$(TARGET_NAME)";
				SWIFT_EMIT_LOC_STRINGS = YES;
				SWIFT_VERSION = 5.0;
				TARGETED_DEVICE_FAMILY = "1,2";
			};
			name = Release;
		};
/* End XCBuildConfiguration section */

/* Begin XCConfigurationList section */
		5EDA96792BA46C530003B55D /* Build configuration list for PBXProject "Accessibility_001" */ = {
			isa = XCConfigurationList;
			buildConfigurations = (
				5EDA968A2BA46C540003B55D /* Debug */,
				5EDA968B2BA46C540003B55D /* Release */,
			);
			defaultConfigurationIsVisible = 0;
			defaultConfigurationName = Release;
		};
		5EDA968C2BA46C540003B55D /* Build configuration list for PBXNativeTarget "Accessibility_001" */ = {
			isa = XCConfigurationList;
			buildConfigurations = (
				5EDA968D2BA46C540003B55D /* Debug */,
				5EDA968E2BA46C540003B55D /* Release */,
			);
			defaultConfigurationIsVisible = 0;
			defaultConfigurationName = Release;
		};
/* End XCConfigurationList section */
	};
	rootObject = 5EDA96762BA46C530003B55D /* Project object */;
}
